// !$*UTF8*$!
{
	archiveVersion = 1;
	classes = {
	};
	objectVersion = 55;
	objects = {

/* Begin PBXBuildFile section */
		BEE09C5928CB3F4A00541A7C /* DetailController.swift in Sources */ = {isa = PBXBuildFile; fileRef = BEE09C5828CB3F4A00541A7C /* DetailController.swift */; };
		BEE09C5D28CB3F8400541A7C /* SettingsController.swift in Sources */ = {isa = PBXBuildFile; fileRef = BEE09C5C28CB3F8400541A7C /* SettingsController.swift */; };
		BEEBF32F28B75F8700B9D46D /* AppDelegate.swift in Sources */ = {isa = PBXBuildFile; fileRef = BEEBF32E28B75F8700B9D46D /* AppDelegate.swift */; };
		BEEBF33128B75F8700B9D46D /* SceneDelegate.swift in Sources */ = {isa = PBXBuildFile; fileRef = BEEBF33028B75F8700B9D46D /* SceneDelegate.swift */; };
		BEEBF33328B75F8700B9D46D /* SettingsView.swift in Sources */ = {isa = PBXBuildFile; fileRef = BEEBF33228B75F8700B9D46D /* SettingsView.swift */; };
		BEEBF33828B75F8F00B9D46D /* Assets.xcassets in Resources */ = {isa = PBXBuildFile; fileRef = BEEBF33728B75F8F00B9D46D /* Assets.xcassets */; };
		BEEBF34A28B7659500B9D46D /* Model.swift in Sources */ = {isa = PBXBuildFile; fileRef = BEEBF34928B7659500B9D46D /* Model.swift */; };
		BEEBF34C28B765CA00B9D46D /* DetailView.swift in Sources */ = {isa = PBXBuildFile; fileRef = BEEBF34B28B765CA00B9D46D /* DetailView.swift */; };
		BEEBF34E28B765EB00B9D46D /* CustomViewCellSwitcher.swift in Sources */ = {isa = PBXBuildFile; fileRef = BEEBF34D28B765EB00B9D46D /* CustomViewCellSwitcher.swift */; };
		BEEBF35228B7662300B9D46D /* CustomViewCell.swift in Sources */ = {isa = PBXBuildFile; fileRef = BEEBF35128B7662300B9D46D /* CustomViewCell.swift */; };
		BEEBF35528B76AF700B9D46D /* SnapKit in Frameworks */ = {isa = PBXBuildFile; productRef = BEEBF35428B76AF700B9D46D /* SnapKit */; };
		BEEBF35728B77CAA00B9D46D /* Extension + StackView.swift in Sources */ = {isa = PBXBuildFile; fileRef = BEEBF35628B77CAA00B9D46D /* Extension + StackView.swift */; };
		BEEBF35D28B8CD5000B9D46D /* CustomViewCellTitle.swift in Sources */ = {isa = PBXBuildFile; fileRef = BEEBF35C28B8CD5000B9D46D /* CustomViewCellTitle.swift */; };
/* End PBXBuildFile section */

/* Begin PBXFileReference section */
		BEE09C5828CB3F4A00541A7C /* DetailController.swift */ = {isa = PBXFileReference; lastKnownFileType = sourcecode.swift; path = DetailController.swift; sourceTree = "<group>"; };
		BEE09C5C28CB3F8400541A7C /* SettingsController.swift */ = {isa = PBXFileReference; lastKnownFileType = sourcecode.swift; path = SettingsController.swift; sourceTree = "<group>"; };
		BEEBF32B28B75F8700B9D46D /* HW13.app */ = {isa = PBXFileReference; explicitFileType = wrapper.application; includeInIndex = 0; path = HW13.app; sourceTree = BUILT_PRODUCTS_DIR; };
		BEEBF32E28B75F8700B9D46D /* AppDelegate.swift */ = {isa = PBXFileReference; lastKnownFileType = sourcecode.swift; path = AppDelegate.swift; sourceTree = "<group>"; };
		BEEBF33028B75F8700B9D46D /* SceneDelegate.swift */ = {isa = PBXFileReference; lastKnownFileType = sourcecode.swift; path = SceneDelegate.swift; sourceTree = "<group>"; };
		BEEBF33228B75F8700B9D46D /* SettingsView.swift */ = {isa = PBXFileReference; lastKnownFileType = sourcecode.swift; path = SettingsView.swift; sourceTree = "<group>"; };
		BEEBF33728B75F8F00B9D46D /* Assets.xcassets */ = {isa = PBXFileReference; lastKnownFileType = folder.assetcatalog; path = Assets.xcassets; sourceTree = "<group>"; };
		BEEBF33C28B75F8F00B9D46D /* Info.plist */ = {isa = PBXFileReference; lastKnownFileType = text.plist.xml; path = Info.plist; sourceTree = "<group>"; };
		BEEBF34928B7659500B9D46D /* Model.swift */ = {isa = PBXFileReference; lastKnownFileType = sourcecode.swift; path = Model.swift; sourceTree = "<group>"; };
		BEEBF34B28B765CA00B9D46D /* DetailView.swift */ = {isa = PBXFileReference; lastKnownFileType = sourcecode.swift; path = DetailView.swift; sourceTree = "<group>"; };
		BEEBF34D28B765EB00B9D46D /* CustomViewCellSwitcher.swift */ = {isa = PBXFileReference; lastKnownFileType = sourcecode.swift; path = CustomViewCellSwitcher.swift; sourceTree = "<group>"; };
		BEEBF35128B7662300B9D46D /* CustomViewCell.swift */ = {isa = PBXFileReference; lastKnownFileType = sourcecode.swift; path = CustomViewCell.swift; sourceTree = "<group>"; };
		BEEBF35628B77CAA00B9D46D /* Extension + StackView.swift */ = {isa = PBXFileReference; lastKnownFileType = sourcecode.swift; path = "Extension + StackView.swift"; sourceTree = "<group>"; };
		BEEBF35C28B8CD5000B9D46D /* CustomViewCellTitle.swift */ = {isa = PBXFileReference; lastKnownFileType = sourcecode.swift; path = CustomViewCellTitle.swift; sourceTree = "<group>"; };
/* End PBXFileReference section */

/* Begin PBXFrameworksBuildPhase section */
		BEEBF32828B75F8700B9D46D /* Frameworks */ = {
			isa = PBXFrameworksBuildPhase;
			buildActionMask = 2147483647;
			files = (
				BEEBF35528B76AF700B9D46D /* SnapKit in Frameworks */,
			);
			runOnlyForDeploymentPostprocessing = 0;
		};
/* End PBXFrameworksBuildPhase section */

/* Begin PBXGroup section */
		BEE09C5428CB3EE600541A7C /* TableViewMVC */ = {
			isa = PBXGroup;
			children = (
				BEE09C5B28CB3F6200541A7C /* Controller */,
				BEE09C5A28CB3F5900541A7C /* View */,
			);
			path = TableViewMVC;
			sourceTree = "<group>";
		};
		BEE09C5528CB3EF500541A7C /* DetailViewMVC */ = {
			isa = PBXGroup;
			children = (
				BEE09C5728CB3F2500541A7C /* Controller */,
				BEE09C5628CB3F1D00541A7C /* View */,
			);
			path = DetailViewMVC;
			sourceTree = "<group>";
		};
		BEE09C5628CB3F1D00541A7C /* View */ = {
			isa = PBXGroup;
			children = (
				BEEBF34B28B765CA00B9D46D /* DetailView.swift */,
			);
			path = View;
			sourceTree = "<group>";
		};
		BEE09C5728CB3F2500541A7C /* Controller */ = {
			isa = PBXGroup;
			children = (
				BEE09C5828CB3F4A00541A7C /* DetailController.swift */,
			);
			path = Controller;
			sourceTree = "<group>";
		};
		BEE09C5A28CB3F5900541A7C /* View */ = {
			isa = PBXGroup;
			children = (
				BEEBF34828B7644000B9D46D /* TableViewCell */,
				BEEBF33228B75F8700B9D46D /* SettingsView.swift */,
			);
			path = View;
			sourceTree = "<group>";
		};
		BEE09C5B28CB3F6200541A7C /* Controller */ = {
			isa = PBXGroup;
			children = (
				BEE09C5C28CB3F8400541A7C /* SettingsController.swift */,
			);
			path = Controller;
			sourceTree = "<group>";
		};
		BEEBF32228B75F8700B9D46D = {
			isa = PBXGroup;
			children = (
				BEEBF32D28B75F8700B9D46D /* HW13 */,
				BEEBF32C28B75F8700B9D46D /* Products */,
			);
			sourceTree = "<group>";
		};
		BEEBF32C28B75F8700B9D46D /* Products */ = {
			isa = PBXGroup;
			children = (
				BEEBF32B28B75F8700B9D46D /* HW13.app */,
			);
			name = Products;
			sourceTree = "<group>";
		};
		BEEBF32D28B75F8700B9D46D /* HW13 */ = {
			isa = PBXGroup;
			children = (
				BEEBF34328B763BC00B9D46D /* Sources */,
				BEEBF34228B763AE00B9D46D /* Resources */,
			);
			path = HW13;
			sourceTree = "<group>";
		};
		BEEBF34228B763AE00B9D46D /* Resources */ = {
			isa = PBXGroup;
			children = (
				BEEBF33728B75F8F00B9D46D /* Assets.xcassets */,
				BEEBF33C28B75F8F00B9D46D /* Info.plist */,
			);
			path = Resources;
			sourceTree = "<group>";
		};
		BEEBF34328B763BC00B9D46D /* Sources */ = {
			isa = PBXGroup;
			children = (
				BEEBF34428B763EB00B9D46D /* APP */,
				BEEBF34628B7640C00B9D46D /* Controllers */,
				BEEBF34728B7643400B9D46D /* Extensions */,
				BEEBF34528B763FA00B9D46D /* Model */,
			);
			path = Sources;
			sourceTree = "<group>";
		};
		BEEBF34428B763EB00B9D46D /* APP */ = {
			isa = PBXGroup;
			children = (
				BEEBF32E28B75F8700B9D46D /* AppDelegate.swift */,
				BEEBF33028B75F8700B9D46D /* SceneDelegate.swift */,
			);
			path = APP;
			sourceTree = "<group>";
		};
		BEEBF34528B763FA00B9D46D /* Model */ = {
			isa = PBXGroup;
			children = (
				BEEBF34928B7659500B9D46D /* Model.swift */,
			);
			path = Model;
			sourceTree = "<group>";
		};
		BEEBF34628B7640C00B9D46D /* Controllers */ = {
			isa = PBXGroup;
			children = (
				BEE09C5528CB3EF500541A7C /* DetailViewMVC */,
				BEE09C5428CB3EE600541A7C /* TableViewMVC */,
			);
			path = Controllers;
			sourceTree = "<group>";
		};
		BEEBF34728B7643400B9D46D /* Extensions */ = {
			isa = PBXGroup;
			children = (
				BEEBF35628B77CAA00B9D46D /* Extension + StackView.swift */,
			);
			path = Extensions;
			sourceTree = "<group>";
		};
		BEEBF34828B7644000B9D46D /* TableViewCell */ = {
			isa = PBXGroup;
			children = (
				BEEBF34D28B765EB00B9D46D /* CustomViewCellSwitcher.swift */,
				BEEBF35128B7662300B9D46D /* CustomViewCell.swift */,
				BEEBF35C28B8CD5000B9D46D /* CustomViewCellTitle.swift */,
			);
			path = TableViewCell;
			sourceTree = "<group>";
		};
/* End PBXGroup section */

/* Begin PBXNativeTarget section */
		BEEBF32A28B75F8700B9D46D /* HW13 */ = {
			isa = PBXNativeTarget;
			buildConfigurationList = BEEBF33F28B75F8F00B9D46D /* Build configuration list for PBXNativeTarget "HW13" */;
			buildPhases = (
				BEEBF32728B75F8700B9D46D /* Sources */,
				BEEBF32828B75F8700B9D46D /* Frameworks */,
				BEEBF32928B75F8700B9D46D /* Resources */,
			);
			buildRules = (
			);
			dependencies = (
			);
			name = HW13;
			packageProductDependencies = (
				BEEBF35428B76AF700B9D46D /* SnapKit */,
			);
			productName = HW13;
			productReference = BEEBF32B28B75F8700B9D46D /* HW13.app */;
			productType = "com.apple.product-type.application";
		};
/* End PBXNativeTarget section */

/* Begin PBXProject section */
		BEEBF32328B75F8700B9D46D /* Project object */ = {
			isa = PBXProject;
			attributes = {
				BuildIndependentTargetsInParallel = 1;
				LastSwiftUpdateCheck = 1320;
				LastUpgradeCheck = 1320;
				TargetAttributes = {
					BEEBF32A28B75F8700B9D46D = {
						CreatedOnToolsVersion = 13.2.1;
					};
				};
			};
			buildConfigurationList = BEEBF32628B75F8700B9D46D /* Build configuration list for PBXProject "HW13" */;
			compatibilityVersion = "Xcode 13.0";
			developmentRegion = en;
			hasScannedForEncodings = 0;
			knownRegions = (
				en,
				Base,
			);
			mainGroup = BEEBF32228B75F8700B9D46D;
			packageReferences = (
				BEEBF35328B76AF700B9D46D /* XCRemoteSwiftPackageReference "SnapKit" */,
			);
			productRefGroup = BEEBF32C28B75F8700B9D46D /* Products */;
			projectDirPath = "";
			projectRoot = "";
			targets = (
				BEEBF32A28B75F8700B9D46D /* HW13 */,
			);
		};
/* End PBXProject section */

/* Begin PBXResourcesBuildPhase section */
		BEEBF32928B75F8700B9D46D /* Resources */ = {
			isa = PBXResourcesBuildPhase;
			buildActionMask = 2147483647;
			files = (
				BEEBF33828B75F8F00B9D46D /* Assets.xcassets in Resources */,
			);
			runOnlyForDeploymentPostprocessing = 0;
		};
/* End PBXResourcesBuildPhase section */

/* Begin PBXSourcesBuildPhase section */
		BEEBF32728B75F8700B9D46D /* Sources */ = {
			isa = PBXSourcesBuildPhase;
			buildActionMask = 2147483647;
			files = (
				BEEBF33328B75F8700B9D46D /* SettingsView.swift in Sources */,
				BEEBF34A28B7659500B9D46D /* Model.swift in Sources */,
				BEEBF32F28B75F8700B9D46D /* AppDelegate.swift in Sources */,
				BEEBF34C28B765CA00B9D46D /* DetailView.swift in Sources */,
				BEEBF35D28B8CD5000B9D46D /* CustomViewCellTitle.swift in Sources */,
				BEEBF35228B7662300B9D46D /* CustomViewCell.swift in Sources */,
				BEE09C5D28CB3F8400541A7C /* SettingsController.swift in Sources */,
				BEEBF34E28B765EB00B9D46D /* CustomViewCellSwitcher.swift in Sources */,
				BEEBF35728B77CAA00B9D46D /* Extension + StackView.swift in Sources */,
				BEE09C5928CB3F4A00541A7C /* DetailController.swift in Sources */,
				BEEBF33128B75F8700B9D46D /* SceneDelegate.swift in Sources */,
			);
			runOnlyForDeploymentPostprocessing = 0;
		};
/* End PBXSourcesBuildPhase section */

/* Begin XCBuildConfiguration section */
		BEEBF33D28B75F8F00B9D46D /* Debug */ = {
			isa = XCBuildConfiguration;
			buildSettings = {
				ALWAYS_SEARCH_USER_PATHS = NO;
				CLANG_ANALYZER_NONNULL = YES;
				CLANG_ANALYZER_NUMBER_OBJECT_CONVERSION = YES_AGGRESSIVE;
				CLANG_CXX_LANGUAGE_STANDARD = "gnu++17";
				CLANG_CXX_LIBRARY = "libc++";
				CLANG_ENABLE_MODULES = YES;
				CLANG_ENABLE_OBJC_ARC = YES;
				CLANG_ENABLE_OBJC_WEAK = YES;
				CLANG_WARN_BLOCK_CAPTURE_AUTORELEASING = YES;
				CLANG_WARN_BOOL_CONVERSION = YES;
				CLANG_WARN_COMMA = YES;
				CLANG_WARN_CONSTANT_CONVERSION = YES;
				CLANG_WARN_DEPRECATED_OBJC_IMPLEMENTATIONS = YES;
				CLANG_WARN_DIRECT_OBJC_ISA_USAGE = YES_ERROR;
				CLANG_WARN_DOCUMENTATION_COMMENTS = YES;
				CLANG_WARN_EMPTY_BODY = YES;
				CLANG_WARN_ENUM_CONVERSION = YES;
				CLANG_WARN_INFINITE_RECURSION = YES;
				CLANG_WARN_INT_CONVERSION = YES;
				CLANG_WARN_NON_LITERAL_NULL_CONVERSION = YES;
				CLANG_WARN_OBJC_IMPLICIT_RETAIN_SELF = YES;
				CLANG_WARN_OBJC_LITERAL_CONVERSION = YES;
				CLANG_WARN_OBJC_ROOT_CLASS = YES_ERROR;
				CLANG_WARN_QUOTED_INCLUDE_IN_FRAMEWORK_HEADER = YES;
				CLANG_WARN_RANGE_LOOP_ANALYSIS = YES;
				CLANG_WARN_STRICT_PROTOTYPES = YES;
				CLANG_WARN_SUSPICIOUS_MOVE = YES;
				CLANG_WARN_UNGUARDED_AVAILABILITY = YES_AGGRESSIVE;
				CLANG_WARN_UNREACHABLE_CODE = YES;
				CLANG_WARN__DUPLICATE_METHOD_MATCH = YES;
				COPY_PHASE_STRIP = NO;
				DEBUG_INFORMATION_FORMAT = dwarf;
				ENABLE_STRICT_OBJC_MSGSEND = YES;
				ENABLE_TESTABILITY = YES;
				GCC_C_LANGUAGE_STANDARD = gnu11;
				GCC_DYNAMIC_NO_PIC = NO;
				GCC_NO_COMMON_BLOCKS = YES;
				GCC_OPTIMIZATION_LEVEL = 0;
				GCC_PREPROCESSOR_DEFINITIONS = (
					"DEBUG=1",
					"$(inherited)",
				);
				GCC_WARN_64_TO_32_BIT_CONVERSION = YES;
				GCC_WARN_ABOUT_RETURN_TYPE = YES_ERROR;
				GCC_WARN_UNDECLARED_SELECTOR = YES;
				GCC_WARN_UNINITIALIZED_AUTOS = YES_AGGRESSIVE;
				GCC_WARN_UNUSED_FUNCTION = YES;
				GCC_WARN_UNUSED_VARIABLE = YES;
				IPHONEOS_DEPLOYMENT_TARGET = 15.2;
				MTL_ENABLE_DEBUG_INFO = INCLUDE_SOURCE;
				MTL_FAST_MATH = YES;
				ONLY_ACTIVE_ARCH = YES;
				SDKROOT = iphoneos;
				SWIFT_ACTIVE_COMPILATION_CONDITIONS = DEBUG;
				SWIFT_OPTIMIZATION_LEVEL = "-Onone";
			};
			name = Debug;
		};
		BEEBF33E28B75F8F00B9D46D /* Release */ = {
			isa = XCBuildConfiguration;
			buildSettings = {
				ALWAYS_SEARCH_USER_PATHS = NO;
				CLANG_ANALYZER_NONNULL = YES;
				CLANG_ANALYZER_NUMBER_OBJECT_CONVERSION = YES_AGGRESSIVE;
				CLANG_CXX_LANGUAGE_STANDARD = "gnu++17";
				CLANG_CXX_LIBRARY = "libc++";
				CLANG_ENABLE_MODULES = YES;
				CLANG_ENABLE_OBJC_ARC = YES;
				CLANG_ENABLE_OBJC_WEAK = YES;
				CLANG_WARN_BLOCK_CAPTURE_AUTORELEASING = YES;
				CLANG_WARN_BOOL_CONVERSION = YES;
				CLANG_WARN_COMMA = YES;
				CLANG_WARN_CONSTANT_CONVERSION = YES;
				CLANG_WARN_DEPRECATED_OBJC_IMPLEMENTATIONS = YES;
				CLANG_WARN_DIRECT_OBJC_ISA_USAGE = YES_ERROR;
				CLANG_WARN_DOCUMENTATION_COMMENTS = YES;
				CLANG_WARN_EMPTY_BODY = YES;
				CLANG_WARN_ENUM_CONVERSION = YES;
				CLANG_WARN_INFINITE_RECURSION = YES;
				CLANG_WARN_INT_CONVERSION = YES;
				CLANG_WARN_NON_LITERAL_NULL_CONVERSION = YES;
				CLANG_WARN_OBJC_IMPLICIT_RETAIN_SELF = YES;
				CLANG_WARN_OBJC_LITERAL_CONVERSION = YES;
				CLANG_WARN_OBJC_ROOT_CLASS = YES_ERROR;
				CLANG_WARN_QUOTED_INCLUDE_IN_FRAMEWORK_HEADER = YES;
				CLANG_WARN_RANGE_LOOP_ANALYSIS = YES;
				CLANG_WARN_STRICT_PROTOTYPES = YES;
				CLANG_WARN_SUSPICIOUS_MOVE = YES;
				CLANG_WARN_UNGUARDED_AVAILABILITY = YES_AGGRESSIVE;
				CLANG_WARN_UNREACHABLE_CODE = YES;
				CLANG_WARN__DUPLICATE_METHOD_MATCH = YES;
				COPY_PHASE_STRIP = NO;
				DEBUG_INFORMATION_FORMAT = "dwarf-with-dsym";
				ENABLE_NS_ASSERTIONS = NO;
				ENABLE_STRICT_OBJC_MSGSEND = YES;
				GCC_C_LANGUAGE_STANDARD = gnu11;
				GCC_NO_COMMON_BLOCKS = YES;
				GCC_WARN_64_TO_32_BIT_CONVERSION = YES;
				GCC_WARN_ABOUT_RETURN_TYPE = YES_ERROR;
				GCC_WARN_UNDECLARED_SELECTOR = YES;
				GCC_WARN_UNINITIALIZED_AUTOS = YES_AGGRESSIVE;
				GCC_WARN_UNUSED_FUNCTION = YES;
				GCC_WARN_UNUSED_VARIABLE = YES;
				IPHONEOS_DEPLOYMENT_TARGET = 15.2;
				MTL_ENABLE_DEBUG_INFO = NO;
				MTL_FAST_MATH = YES;
				SDKROOT = iphoneos;
				SWIFT_COMPILATION_MODE = wholemodule;
				SWIFT_OPTIMIZATION_LEVEL = "-O";
				VALIDATE_PRODUCT = YES;
			};
			name = Release;
		};
		BEEBF34028B75F8F00B9D46D /* Debug */ = {
			isa = XCBuildConfiguration;
			buildSettings = {
				ASSETCATALOG_COMPILER_APPICON_NAME = AppIcon;
				ASSETCATALOG_COMPILER_GLOBAL_ACCENT_COLOR_NAME = AccentColor;
				CODE_SIGN_STYLE = Automatic;
				CURRENT_PROJECT_VERSION = 1;
				DEVELOPMENT_TEAM = 65ZD43WNWU;
				GENERATE_INFOPLIST_FILE = YES;
				INFOPLIST_FILE = HW13/Resources/Info.plist;
				INFOPLIST_KEY_UIApplicationSupportsIndirectInputEvents = YES;
				INFOPLIST_KEY_UILaunchStoryboardName = LaunchScreen;
				INFOPLIST_KEY_UISupportedInterfaceOrientations_iPad = "UIInterfaceOrientationPortrait UIInterfaceOrientationPortraitUpsideDown UIInterfaceOrientationLandscapeLeft UIInterfaceOrientationLandscapeRight";
				INFOPLIST_KEY_UISupportedInterfaceOrientations_iPhone = "UIInterfaceOrientationPortrait UIInterfaceOrientationLandscapeLeft UIInterfaceOrientationLandscapeRight";
				LD_RUNPATH_SEARCH_PATHS = (
					"$(inherited)",
					"@executable_path/Frameworks",
				);
				MARKETING_VERSION = 1.0;
				PRODUCT_BUNDLE_IDENTIFIER = viktorBasiev.HW13;
				PRODUCT_NAME = "$(TARGET_NAME)";
				SWIFT_EMIT_LOC_STRINGS = YES;
				SWIFT_VERSION = 5.0;
				TARGETED_DEVICE_FAMILY = "1,2";
			};
			name = Debug;
		};
		BEEBF34128B75F8F00B9D46D /* Release */ = {
			isa = XCBuildConfiguration;
			buildSettings = {
				ASSETCATALOG_COMPILER_APPICON_NAME = AppIcon;
				ASSETCATALOG_COMPILER_GLOBAL_ACCENT_COLOR_NAME = AccentColor;
				CODE_SIGN_STYLE = Automatic;
				CURRENT_PROJECT_VERSION = 1;
				DEVELOPMENT_TEAM = 65ZD43WNWU;
				GENERATE_INFOPLIST_FILE = YES;
				INFOPLIST_FILE = HW13/Resources/Info.plist;
				INFOPLIST_KEY_UIApplicationSupportsIndirectInputEvents = YES;
				INFOPLIST_KEY_UILaunchStoryboardName = LaunchScreen;
				INFOPLIST_KEY_UISupportedInterfaceOrientations_iPad = "UIInterfaceOrientationPortrait UIInterfaceOrientationPortraitUpsideDown UIInterfaceOrientationLandscapeLeft UIInterfaceOrientationLandscapeRight";
				INFOPLIST_KEY_UISupportedInterfaceOrientations_iPhone = "UIInterfaceOrientationPortrait UIInterfaceOrientationLandscapeLeft UIInterfaceOrientationLandscapeRight";
				LD_RUNPATH_SEARCH_PATHS = (
					"$(inherited)",
					"@executable_path/Frameworks",
				);
				MARKETING_VERSION = 1.0;
				PRODUCT_BUNDLE_IDENTIFIER = viktorBasiev.HW13;
				PRODUCT_NAME = "$(TARGET_NAME)";
				SWIFT_EMIT_LOC_STRINGS = YES;
				SWIFT_VERSION = 5.0;
				TARGETED_DEVICE_FAMILY = "1,2";
			};
			name = Release;
		};
/* End XCBuildConfiguration section */

/* Begin XCConfigurationList section */
		BEEBF32628B75F8700B9D46D /* Build configuration list for PBXProject "HW13" */ = {
			isa = XCConfigurationList;
			buildConfigurations = (
				BEEBF33D28B75F8F00B9D46D /* Debug */,
				BEEBF33E28B75F8F00B9D46D /* Release */,
			);
			defaultConfigurationIsVisible = 0;
			defaultConfigurationName = Release;
		};
		BEEBF33F28B75F8F00B9D46D /* Build configuration list for PBXNativeTarget "HW13" */ = {
			isa = XCConfigurationList;
			buildConfigurations = (
				BEEBF34028B75F8F00B9D46D /* Debug */,
				BEEBF34128B75F8F00B9D46D /* Release */,
			);
			defaultConfigurationIsVisible = 0;
			defaultConfigurationName = Release;
		};
/* End XCConfigurationList section */

/* Begin XCRemoteSwiftPackageReference section */
		BEEBF35328B76AF700B9D46D /* XCRemoteSwiftPackageReference "SnapKit" */ = {
			isa = XCRemoteSwiftPackageReference;
			repositoryURL = "https://github.com/SnapKit/SnapKit.git";
			requirement = {
				branch = develop;
				kind = branch;
			};
		};
/* End XCRemoteSwiftPackageReference section */

/* Begin XCSwiftPackageProductDependency section */
		BEEBF35428B76AF700B9D46D /* SnapKit */ = {
			isa = XCSwiftPackageProductDependency;
			package = BEEBF35328B76AF700B9D46D /* XCRemoteSwiftPackageReference "SnapKit" */;
			productName = SnapKit;
		};
/* End XCSwiftPackageProductDependency section */
	};
	rootObject = BEEBF32328B75F8700B9D46D /* Project object */;
}
